
Microsoft Visual Studio Solution File, Format Version 12.00
# Visual Studio Version 17
VisualStudioVersion = 17.14.36203.30 d17.14
MinimumVisualStudioVersion = 10.0.40219.1
Project("{FAE04EC0-301F-11D3-BF4B-00C04F79EFBC}") = "ERP_Task_Elite", "ERP_Task_Elite.csproj", "{706471C9-7555-4EE2-9FF4-9ADA9A83510B}"
EndProject
Project("{FAE04EC0-301F-11D3-BF4B-00C04F79EFBC}") = "Reositories", "..\Reositories\Reositories.csproj", "{DFC77BC6-536C-4020-8C41-D212F301643F}"
EndProject
Project("{FAE04EC0-301F-11D3-BF4B-00C04F79EFBC}") = "Unitofworks", "..\Unitofworks\Unitofworks.csproj", "{BAD66514-33B6-44AA-84FA-06A16173ED4E}"
EndProject
Project("{FAE04EC0-301F-11D3-BF4B-00C04F79EFBC}") = "Domain", "..\Domain\Domain.csproj", "{6F7180BD-7391-4671-AD13-C190A7F3AB60}"
EndProject
Global
	GlobalSection(SolutionConfigurationPlatforms) = preSolution
		Debug|Any CPU = Debug|Any CPU
		Release|Any CPU = Release|Any CPU
	EndGlobalSection
	GlobalSection(ProjectConfigurationPlatforms) = postSolution
		{706471C9-7555-4EE2-9FF4-9ADA9A83510B}.Debug|Any CPU.ActiveCfg = Debug|Any CPU
		{706471C9-7555-4EE2-9FF4-9ADA9A83510B}.Debug|Any CPU.Build.0 = Debug|Any CPU
		{706471C9-7555-4EE2-9FF4-9ADA9A83510B}.Release|Any CPU.ActiveCfg = Release|Any CPU
		{706471C9-7555-4EE2-9FF4-9ADA9A83510B}.Release|Any CPU.Build.0 = Release|Any CPU
		{DFC77BC6-536C-4020-8C41-D212F301643F}.Debug|Any CPU.ActiveCfg = Debug|Any CPU
		{DFC77BC6-536C-4020-8C41-D212F301643F}.Debug|Any CPU.Build.0 = Debug|Any CPU
		{DFC77BC6-536C-4020-8C41-D212F301643F}.Release|Any CPU.ActiveCfg = Release|Any CPU
		{DFC77BC6-536C-4020-8C41-D212F301643F}.Release|Any CPU.Build.0 = Release|Any CPU
		{BAD66514-33B6-44AA-84FA-06A16173ED4E}.Debug|Any CPU.ActiveCfg = Debug|Any CPU
		{BAD66514-33B6-44AA-84FA-06A16173ED4E}.Debug|Any CPU.Build.0 = Debug|Any CPU
		{BAD66514-33B6-44AA-84FA-06A16173ED4E}.Release|Any CPU.ActiveCfg = Release|Any CPU
		{BAD66514-33B6-44AA-84FA-06A16173ED4E}.Release|Any CPU.Build.0 = Release|Any CPU
		{6F7180BD-7391-4671-AD13-C190A7F3AB60}.Debug|Any CPU.ActiveCfg = Debug|Any CPU
		{6F7180BD-7391-4671-AD13-C190A7F3AB60}.Debug|Any CPU.Build.0 = Debug|Any CPU
		{6F7180BD-7391-4671-AD13-C190A7F3AB60}.Release|Any CPU.ActiveCfg = Release|Any CPU
		{6F7180BD-7391-4671-AD13-C190A7F3AB60}.Release|Any CPU.Build.0 = Release|Any CPU
	EndGlobalSection
	GlobalSection(SolutionProperties) = preSolution
		HideSolutionNode = FALSE
	EndGlobalSection
	GlobalSection(ExtensibilityGlobals) = postSolution
		SolutionGuid = {AE60D7B3-DDF4-47D5-A9B9-CF26690EDE39}
	EndGlobalSection
EndGlobal
